# This file is automatically @generated by Cargo.
# It is not intended for manual editing.
[[package]]
name = "noted2xero_cli"
version = "0.1.0"
dependencies = [
 "noted2xero_core",
]

[[package]]
name = "noted2xero_core"
version = "0.1.0"

[[package]]
name = "noted2xero_web"
version = "0.1.0"
dependencies = [
 "noted2xero_core",
]
